
Microsoft Visual Studio Solution File, Format Version 12.00
# Visual Studio Version 17
VisualStudioVersion = 17.4.33213.308
MinimumVisualStudioVersion = 10.0.40219.1
Project("{FAE04EC0-301F-11D3-BF4B-00C04F79EFBC}") = "Day5_2", "Day5_2.csproj", "{0582A850-6588-42D4-B561-9B181D4BD150}"
EndProject
Global
	GlobalSection(SolutionConfigurationPlatforms) = preSolution
		Debug|Any CPU = Debug|Any CPU
		Release|Any CPU = Release|Any CPU
	EndGlobalSection
	GlobalSection(ProjectConfigurationPlatforms) = postSolution
		{0582A850-6588-42D4-B561-9B181D4BD150}.Debug|Any CPU.ActiveCfg = Debug|Any CPU
		{0582A850-6588-42D4-B561-9B181D4BD150}.Debug|Any CPU.Build.0 = Debug|Any CPU
		{0582A850-6588-42D4-B561-9B181D4BD150}.Release|Any CPU.ActiveCfg = Release|Any CPU
		{0582A850-6588-42D4-B561-9B181D4BD150}.Release|Any CPU.Build.0 = Release|Any CPU
	EndGlobalSection
	GlobalSection(SolutionProperties) = preSolution
		HideSolutionNode = FALSE
	EndGlobalSection
	GlobalSection(ExtensibilityGlobals) = postSolution
		SolutionGuid = {F67371D1-6A04-4D0A-9275-CF0CFA0E75F7}
	EndGlobalSection
EndGlobal
